
Microsoft Visual Studio Solution File, Format Version 12.00
# Visual Studio 2013
VisualStudioVersion = 12.0.30501.0
MinimumVisualStudioVersion = 10.0.40219.1
Project("{FAE04EC0-301F-11D3-BF4B-00C04F79EFBC}") = "Readify-RedPill", "Readify-RedPill\Readify-RedPill.csproj", "{D1D9EAFC-D59E-4C50-9E82-4A2DFC2B1C01}"
EndProject
Project("{FAE04EC0-301F-11D3-BF4B-00C04F79EFBC}") = "Readify-RedPill.Business", "Readify-RedPill.Business\Readify-RedPill.Business.csproj", "{48D43E50-0A72-48C4-ACAF-4AB065AAA0BF}"
EndProject
Project("{FAE04EC0-301F-11D3-BF4B-00C04F79EFBC}") = "Readify-RedPill-Tests", "Readify-RedPill-Tests\Readify-RedPill-Tests.csproj", "{5B9F9C92-9891-4722-8AEF-2B673ED2A3EA}"
EndProject
Global
	GlobalSection(SolutionConfigurationPlatforms) = preSolution
		Debug|Any CPU = Debug|Any CPU
		Release|Any CPU = Release|Any CPU
	EndGlobalSection
	GlobalSection(ProjectConfigurationPlatforms) = postSolution
		{D1D9EAFC-D59E-4C50-9E82-4A2DFC2B1C01}.Debug|Any CPU.ActiveCfg = Debug|Any CPU
		{D1D9EAFC-D59E-4C50-9E82-4A2DFC2B1C01}.Debug|Any CPU.Build.0 = Debug|Any CPU
		{D1D9EAFC-D59E-4C50-9E82-4A2DFC2B1C01}.Release|Any CPU.ActiveCfg = Release|Any CPU
		{D1D9EAFC-D59E-4C50-9E82-4A2DFC2B1C01}.Release|Any CPU.Build.0 = Release|Any CPU
		{48D43E50-0A72-48C4-ACAF-4AB065AAA0BF}.Debug|Any CPU.ActiveCfg = Debug|Any CPU
		{48D43E50-0A72-48C4-ACAF-4AB065AAA0BF}.Debug|Any CPU.Build.0 = Debug|Any CPU
		{48D43E50-0A72-48C4-ACAF-4AB065AAA0BF}.Release|Any CPU.ActiveCfg = Release|Any CPU
		{48D43E50-0A72-48C4-ACAF-4AB065AAA0BF}.Release|Any CPU.Build.0 = Release|Any CPU
		{5B9F9C92-9891-4722-8AEF-2B673ED2A3EA}.Debug|Any CPU.ActiveCfg = Debug|Any CPU
		{5B9F9C92-9891-4722-8AEF-2B673ED2A3EA}.Debug|Any CPU.Build.0 = Debug|Any CPU
		{5B9F9C92-9891-4722-8AEF-2B673ED2A3EA}.Release|Any CPU.ActiveCfg = Release|Any CPU
		{5B9F9C92-9891-4722-8AEF-2B673ED2A3EA}.Release|Any CPU.Build.0 = Release|Any CPU
	EndGlobalSection
	GlobalSection(SolutionProperties) = preSolution
		HideSolutionNode = FALSE
	EndGlobalSection
EndGlobal
